
Microsoft Visual Studio Solution File, Format Version 12.00
# Visual Studio 14
VisualStudioVersion = 14.0.25420.1
MinimumVisualStudioVersion = 10.0.40219.1
Project("{FAE04EC0-301F-11D3-BF4B-00C04F79EFBC}") = "JavaScriptPI.EventHandler", "javascript_pi\JavaScriptPI.EventHandler.csproj", "{249DFE75-7205-4C53-A93C-37806FE7AEDE}"
EndProject
Project("{FAE04EC0-301F-11D3-BF4B-00C04F79EFBC}") = "JavaScriptPI.Helpers", "Data\JavaScriptPI.Helpers.csproj", "{3CCEFE47-FB36-4414-B248-DE5E94E41C0E}"
EndProject
Project("{FAE04EC0-301F-11D3-BF4B-00C04F79EFBC}") = "JavaScriptPI.Helpers.NUnit.Integration", "Helper.NUnit.Integration\JavaScriptPI.Helpers.NUnit.Integration.csproj", "{0A8C2CBF-798C-4286-B902-7F0B87D71096}"
EndProject
Global
	GlobalSection(SolutionConfigurationPlatforms) = preSolution
		Debug|Any CPU = Debug|Any CPU
		Debug|x64 = Debug|x64
		Release|Any CPU = Release|Any CPU
		Release|x64 = Release|x64
	EndGlobalSection
	GlobalSection(ProjectConfigurationPlatforms) = postSolution
		{249DFE75-7205-4C53-A93C-37806FE7AEDE}.Debug|Any CPU.ActiveCfg = Debug|Any CPU
		{249DFE75-7205-4C53-A93C-37806FE7AEDE}.Debug|Any CPU.Build.0 = Debug|Any CPU
		{249DFE75-7205-4C53-A93C-37806FE7AEDE}.Debug|x64.ActiveCfg = Debug|Any CPU
		{249DFE75-7205-4C53-A93C-37806FE7AEDE}.Debug|x64.Build.0 = Debug|Any CPU
		{249DFE75-7205-4C53-A93C-37806FE7AEDE}.Release|Any CPU.ActiveCfg = Release|Any CPU
		{249DFE75-7205-4C53-A93C-37806FE7AEDE}.Release|Any CPU.Build.0 = Release|Any CPU
		{249DFE75-7205-4C53-A93C-37806FE7AEDE}.Release|x64.ActiveCfg = Release|Any CPU
		{249DFE75-7205-4C53-A93C-37806FE7AEDE}.Release|x64.Build.0 = Release|Any CPU
		{3CCEFE47-FB36-4414-B248-DE5E94E41C0E}.Debug|Any CPU.ActiveCfg = Debug|Any CPU
		{3CCEFE47-FB36-4414-B248-DE5E94E41C0E}.Debug|Any CPU.Build.0 = Debug|Any CPU
		{3CCEFE47-FB36-4414-B248-DE5E94E41C0E}.Debug|x64.ActiveCfg = Debug|Any CPU
		{3CCEFE47-FB36-4414-B248-DE5E94E41C0E}.Debug|x64.Build.0 = Debug|Any CPU
		{3CCEFE47-FB36-4414-B248-DE5E94E41C0E}.Release|Any CPU.ActiveCfg = Release|Any CPU
		{3CCEFE47-FB36-4414-B248-DE5E94E41C0E}.Release|Any CPU.Build.0 = Release|Any CPU
		{3CCEFE47-FB36-4414-B248-DE5E94E41C0E}.Release|x64.ActiveCfg = Release|Any CPU
		{3CCEFE47-FB36-4414-B248-DE5E94E41C0E}.Release|x64.Build.0 = Release|Any CPU
		{0A8C2CBF-798C-4286-B902-7F0B87D71096}.Debug|Any CPU.ActiveCfg = Debug|Any CPU
		{0A8C2CBF-798C-4286-B902-7F0B87D71096}.Debug|Any CPU.Build.0 = Debug|Any CPU
		{0A8C2CBF-798C-4286-B902-7F0B87D71096}.Debug|x64.ActiveCfg = Debug|Any CPU
		{0A8C2CBF-798C-4286-B902-7F0B87D71096}.Debug|x64.Build.0 = Debug|Any CPU
		{0A8C2CBF-798C-4286-B902-7F0B87D71096}.Release|Any CPU.ActiveCfg = Release|Any CPU
		{0A8C2CBF-798C-4286-B902-7F0B87D71096}.Release|Any CPU.Build.0 = Release|Any CPU
		{0A8C2CBF-798C-4286-B902-7F0B87D71096}.Release|x64.ActiveCfg = Release|Any CPU
		{0A8C2CBF-798C-4286-B902-7F0B87D71096}.Release|x64.Build.0 = Release|Any CPU
	EndGlobalSection
	GlobalSection(SolutionProperties) = preSolution
		HideSolutionNode = FALSE
	EndGlobalSection
EndGlobal
